// !$*UTF8*$!
{
	archiveVersion = 1;
	classes = {
	};
	objectVersion = 46;
	objects = {

/* Begin PBXBuildFile section */
		1713A3951BEC9274005F3B6E /* AppDelegate.swift in Sources */ = {isa = PBXBuildFile; fileRef = 1713A3941BEC9274005F3B6E /* AppDelegate.swift */; };
		1713A39A1BEC9274005F3B6E /* Main.storyboard in Resources */ = {isa = PBXBuildFile; fileRef = 1713A3981BEC9274005F3B6E /* Main.storyboard */; };
		1713A39C1BEC9274005F3B6E /* Assets.xcassets in Resources */ = {isa = PBXBuildFile; fileRef = 1713A39B1BEC9274005F3B6E /* Assets.xcassets */; };
		1713A39F1BEC9274005F3B6E /* LaunchScreen.storyboard in Resources */ = {isa = PBXBuildFile; fileRef = 1713A39D1BEC9274005F3B6E /* LaunchScreen.storyboard */; };
		1713A3AA1BEC9274005F3B6E /* luWeatherTests.swift in Sources */ = {isa = PBXBuildFile; fileRef = 1713A3A91BEC9274005F3B6E /* luWeatherTests.swift */; };
		1713A3B51BEC9274005F3B6E /* luWeatherUITests.swift in Sources */ = {isa = PBXBuildFile; fileRef = 1713A3B41BEC9274005F3B6E /* luWeatherUITests.swift */; };
		1713A3D41BECBF1B005F3B6E /* LeftMenuViewController.swift in Sources */ = {isa = PBXBuildFile; fileRef = 1713A3D31BECBF1B005F3B6E /* LeftMenuViewController.swift */; };
		1713A3D61BECBF27005F3B6E /* MainPageViewController.swift in Sources */ = {isa = PBXBuildFile; fileRef = 1713A3D51BECBF27005F3B6E /* MainPageViewController.swift */; };
		1713A3D81BECC2CB005F3B6E /* CityViewController.swift in Sources */ = {isa = PBXBuildFile; fileRef = 1713A3D71BECC2CB005F3B6E /* CityViewController.swift */; };
		1713A3DA1BECC3D0005F3B6E /* cityList.txt in Resources */ = {isa = PBXBuildFile; fileRef = 1713A3D91BECC3D0005F3B6E /* cityList.txt */; };
		1713A3F81BECC4E9005F3B6E /* SwiftyJSON.framework in Frameworks */ = {isa = PBXBuildFile; fileRef = 1713A3EF1BECC4DC005F3B6E /* SwiftyJSON.framework */; };
		1713A3F91BECC4E9005F3B6E /* SwiftyJSON.framework in Embed Frameworks */ = {isa = PBXBuildFile; fileRef = 1713A3EF1BECC4DC005F3B6E /* SwiftyJSON.framework */; settings = {ATTRIBUTES = (CodeSignOnCopy, RemoveHeadersOnCopy, ); }; };
		1713A4051BECCA77005F3B6E /* Public.swift in Sources */ = {isa = PBXBuildFile; fileRef = 1713A4041BECCA77005F3B6E /* Public.swift */; };
		1713A4621BECCCAE005F3B6E /* ImageCache.swift in Sources */ = {isa = PBXBuildFile; fileRef = 1713A4531BECCCAE005F3B6E /* ImageCache.swift */; };
		1713A4631BECCCAE005F3B6E /* ImageDownloader.swift in Sources */ = {isa = PBXBuildFile; fileRef = 1713A4541BECCCAE005F3B6E /* ImageDownloader.swift */; };
		1713A4641BECCCAE005F3B6E /* ImageTransition.swift in Sources */ = {isa = PBXBuildFile; fileRef = 1713A4551BECCCAE005F3B6E /* ImageTransition.swift */; };
		1713A4651BECCCAE005F3B6E /* Info.plist in Resources */ = {isa = PBXBuildFile; fileRef = 1713A4561BECCCAE005F3B6E /* Info.plist */; };
		1713A4661BECCCAE005F3B6E /* KingfisherManager.swift in Sources */ = {isa = PBXBuildFile; fileRef = 1713A4581BECCCAE005F3B6E /* KingfisherManager.swift */; };
		1713A4671BECCCAE005F3B6E /* KingfisherOptions.swift in Sources */ = {isa = PBXBuildFile; fileRef = 1713A4591BECCCAE005F3B6E /* KingfisherOptions.swift */; };
		1713A4681BECCCAE005F3B6E /* KingfisherOptionsInfo.swift in Sources */ = {isa = PBXBuildFile; fileRef = 1713A45A1BECCCAE005F3B6E /* KingfisherOptionsInfo.swift */; };
		1713A4691BECCCAE005F3B6E /* Resource.swift in Sources */ = {isa = PBXBuildFile; fileRef = 1713A45B1BECCCAE005F3B6E /* Resource.swift */; };
		1713A46A1BECCCAE005F3B6E /* String+MD5.swift in Sources */ = {isa = PBXBuildFile; fileRef = 1713A45C1BECCCAE005F3B6E /* String+MD5.swift */; };
		1713A46B1BECCCAE005F3B6E /* ThreadHelper.swift in Sources */ = {isa = PBXBuildFile; fileRef = 1713A45D1BECCCAE005F3B6E /* ThreadHelper.swift */; };
		1713A46C1BECCCAE005F3B6E /* UIButton+Kingfisher.swift in Sources */ = {isa = PBXBuildFile; fileRef = 1713A45E1BECCCAE005F3B6E /* UIButton+Kingfisher.swift */; };
		1713A46D1BECCCAE005F3B6E /* UIImage+Decode.swift in Sources */ = {isa = PBXBuildFile; fileRef = 1713A45F1BECCCAE005F3B6E /* UIImage+Decode.swift */; };
		1713A46E1BECCCAE005F3B6E /* UIImage+Normalize.swift in Sources */ = {isa = PBXBuildFile; fileRef = 1713A4601BECCCAE005F3B6E /* UIImage+Normalize.swift */; };
		1713A46F1BECCCAE005F3B6E /* UIImageView+Kingfisher.swift in Sources */ = {isa = PBXBuildFile; fileRef = 1713A4611BECCCAE005F3B6E /* UIImageView+Kingfisher.swift */; };
		1713A4731BECCD42005F3B6E /* DSToast.m in Sources */ = {isa = PBXBuildFile; fileRef = 1713A4721BECCD42005F3B6E /* DSToast.m */; };
		1713A4A11BECCD49005F3B6E /* MJRefreshAutoFooter.m in Sources */ = {isa = PBXBuildFile; fileRef = 1713A4771BECCD49005F3B6E /* MJRefreshAutoFooter.m */; };
		1713A4A21BECCD49005F3B6E /* MJRefreshBackFooter.m in Sources */ = {isa = PBXBuildFile; fileRef = 1713A4791BECCD49005F3B6E /* MJRefreshBackFooter.m */; };
		1713A4A31BECCD49005F3B6E /* MJRefreshComponent.m in Sources */ = {isa = PBXBuildFile; fileRef = 1713A47B1BECCD49005F3B6E /* MJRefreshComponent.m */; };
		1713A4A41BECCD49005F3B6E /* MJRefreshFooter.m in Sources */ = {isa = PBXBuildFile; fileRef = 1713A47D1BECCD49005F3B6E /* MJRefreshFooter.m */; };
		1713A4A51BECCD49005F3B6E /* MJRefreshHeader.m in Sources */ = {isa = PBXBuildFile; fileRef = 1713A47F1BECCD49005F3B6E /* MJRefreshHeader.m */; };
		1713A4A61BECCD49005F3B6E /* MJRefreshAutoGifFooter.m in Sources */ = {isa = PBXBuildFile; fileRef = 1713A4841BECCD49005F3B6E /* MJRefreshAutoGifFooter.m */; };
		1713A4A71BECCD49005F3B6E /* MJRefreshAutoNormalFooter.m in Sources */ = {isa = PBXBuildFile; fileRef = 1713A4861BECCD49005F3B6E /* MJRefreshAutoNormalFooter.m */; };
		1713A4A81BECCD49005F3B6E /* MJRefreshAutoStateFooter.m in Sources */ = {isa = PBXBuildFile; fileRef = 1713A4881BECCD49005F3B6E /* MJRefreshAutoStateFooter.m */; };
		1713A4A91BECCD49005F3B6E /* MJRefreshBackGifFooter.m in Sources */ = {isa = PBXBuildFile; fileRef = 1713A48B1BECCD49005F3B6E /* MJRefreshBackGifFooter.m */; };
		1713A4AA1BECCD49005F3B6E /* MJRefreshBackNormalFooter.m in Sources */ = {isa = PBXBuildFile; fileRef = 1713A48D1BECCD49005F3B6E /* MJRefreshBackNormalFooter.m */; };
		1713A4AB1BECCD49005F3B6E /* MJRefreshBackStateFooter.m in Sources */ = {isa = PBXBuildFile; fileRef = 1713A48F1BECCD49005F3B6E /* MJRefreshBackStateFooter.m */; };
		1713A4AC1BECCD49005F3B6E /* MJRefreshGifHeader.m in Sources */ = {isa = PBXBuildFile; fileRef = 1713A4921BECCD49005F3B6E /* MJRefreshGifHeader.m */; };
		1713A4AD1BECCD49005F3B6E /* MJRefreshNormalHeader.m in Sources */ = {isa = PBXBuildFile; fileRef = 1713A4941BECCD49005F3B6E /* MJRefreshNormalHeader.m */; };
		1713A4AE1BECCD49005F3B6E /* MJRefreshStateHeader.m in Sources */ = {isa = PBXBuildFile; fileRef = 1713A4961BECCD49005F3B6E /* MJRefreshStateHeader.m */; };
		1713A4AF1BECCD49005F3B6E /* MJRefresh.bundle in Resources */ = {isa = PBXBuildFile; fileRef = 1713A4971BECCD49005F3B6E /* MJRefresh.bundle */; };
		1713A4B01BECCD49005F3B6E /* MJRefreshConst.m in Sources */ = {isa = PBXBuildFile; fileRef = 1713A49A1BECCD49005F3B6E /* MJRefreshConst.m */; };
		1713A4B11BECCD49005F3B6E /* UIScrollView+MJExtension.m in Sources */ = {isa = PBXBuildFile; fileRef = 1713A49C1BECCD49005F3B6E /* UIScrollView+MJExtension.m */; };
		1713A4B21BECCD49005F3B6E /* UIScrollView+MJRefresh.m in Sources */ = {isa = PBXBuildFile; fileRef = 1713A49E1BECCD49005F3B6E /* UIScrollView+MJRefresh.m */; };
		1713A4B31BECCD49005F3B6E /* UIView+MJExtension.m in Sources */ = {isa = PBXBuildFile; fileRef = 1713A4A01BECCD49005F3B6E /* UIView+MJExtension.m */; };
		1713A4BC1BECCD50005F3B6E /* UIImage+addition.m in Sources */ = {isa = PBXBuildFile; fileRef = 1713A4B71BECCD50005F3B6E /* UIImage+addition.m */; };
		1713A4BD1BECCD50005F3B6E /* MGCEditImageViewController.m in Sources */ = {isa = PBXBuildFile; fileRef = 1713A4B91BECCD50005F3B6E /* MGCEditImageViewController.m */; };
		1713A4BE1BECCD50005F3B6E /* MGCEditSelectImageView.m in Sources */ = {isa = PBXBuildFile; fileRef = 1713A4BB1BECCD50005F3B6E /* MGCEditSelectImageView.m */; };
		1713A4C61BECCDA0005F3B6E /* Info-iOS.plist in Resources */ = {isa = PBXBuildFile; fileRef = 1713A4C11BECCDA0005F3B6E /* Info-iOS.plist */; };
		1713A4C71BECCDA0005F3B6E /* Info-OSX.plist in Resources */ = {isa = PBXBuildFile; fileRef = 1713A4C21BECCDA0005F3B6E /* Info-OSX.plist */; };
		1713A4C81BECCDA0005F3B6E /* Info-watchOS.plist in Resources */ = {isa = PBXBuildFile; fileRef = 1713A4C31BECCDA0005F3B6E /* Info-watchOS.plist */; };
		1713A4C91BECCDA0005F3B6E /* SwiftyJSON.swift in Sources */ = {isa = PBXBuildFile; fileRef = 1713A4C51BECCDA0005F3B6E /* SwiftyJSON.swift */; };
		1713A4CD1BECCDA6005F3B6E /* SWRevealViewController.m in Sources */ = {isa = PBXBuildFile; fileRef = 1713A4CC1BECCDA6005F3B6E /* SWRevealViewController.m */; };
		1713A4D11BECCF05005F3B6E /* Info.plist in Resources */ = {isa = PBXBuildFile; fileRef = 1713A4CF1BECCF05005F3B6E /* Info.plist */; };
		1713A4D21BECCF05005F3B6E /* SCLAlertView.swift in Sources */ = {isa = PBXBuildFile; fileRef = 1713A4D01BECCF05005F3B6E /* SCLAlertView.swift */; };
		1713A4E41BECCF32005F3B6E /* Alamofire.swift in Sources */ = {isa = PBXBuildFile; fileRef = 1713A4D51BECCF32005F3B6E /* Alamofire.swift */; };
		1713A4E51BECCF32005F3B6E /* Download.swift in Sources */ = {isa = PBXBuildFile; fileRef = 1713A4D61BECCF32005F3B6E /* Download.swift */; };
		1713A4E61BECCF32005F3B6E /* Error.swift in Sources */ = {isa = PBXBuildFile; fileRef = 1713A4D71BECCF32005F3B6E /* Error.swift */; };
		1713A4E71BECCF32005F3B6E /* Info.plist in Resources */ = {isa = PBXBuildFile; fileRef = 1713A4D81BECCF32005F3B6E /* Info.plist */; };
		1713A4E81BECCF32005F3B6E /* Manager.swift in Sources */ = {isa = PBXBuildFile; fileRef = 1713A4D91BECCF32005F3B6E /* Manager.swift */; };
		1713A4E91BECCF32005F3B6E /* MultipartFormData.swift in Sources */ = {isa = PBXBuildFile; fileRef = 1713A4DA1BECCF32005F3B6E /* MultipartFormData.swift */; };
		1713A4EA1BECCF32005F3B6E /* ParameterEncoding.swift in Sources */ = {isa = PBXBuildFile; fileRef = 1713A4DB1BECCF32005F3B6E /* ParameterEncoding.swift */; };
		1713A4EB1BECCF32005F3B6E /* Request.swift in Sources */ = {isa = PBXBuildFile; fileRef = 1713A4DC1BECCF32005F3B6E /* Request.swift */; };
		1713A4EC1BECCF32005F3B6E /* Response.swift in Sources */ = {isa = PBXBuildFile; fileRef = 1713A4DD1BECCF32005F3B6E /* Response.swift */; };
		1713A4ED1BECCF32005F3B6E /* ResponseSerialization.swift in Sources */ = {isa = PBXBuildFile; fileRef = 1713A4DE1BECCF32005F3B6E /* ResponseSerialization.swift */; };
		1713A4EE1BECCF32005F3B6E /* Result.swift in Sources */ = {isa = PBXBuildFile; fileRef = 1713A4DF1BECCF32005F3B6E /* Result.swift */; };
		1713A4EF1BECCF32005F3B6E /* ServerTrustPolicy.swift in Sources */ = {isa = PBXBuildFile; fileRef = 1713A4E01BECCF32005F3B6E /* ServerTrustPolicy.swift */; };
		1713A4F01BECCF32005F3B6E /* Stream.swift in Sources */ = {isa = PBXBuildFile; fileRef = 1713A4E11BECCF32005F3B6E /* Stream.swift */; };
		1713A4F11BECCF32005F3B6E /* Upload.swift in Sources */ = {isa = PBXBuildFile; fileRef = 1713A4E21BECCF32005F3B6E /* Upload.swift */; };
		1713A4F21BECCF32005F3B6E /* Validation.swift in Sources */ = {isa = PBXBuildFile; fileRef = 1713A4E31BECCF32005F3B6E /* Validation.swift */; };
		1713A5231BECCF63005F3B6E /* Alamofire.framework in Frameworks */ = {isa = PBXBuildFile; fileRef = 1713A5161BECCF55005F3B6E /* Alamofire.framework */; };
		1713A5241BECCF63005F3B6E /* Alamofire.framework in Embed Frameworks */ = {isa = PBXBuildFile; fileRef = 1713A5161BECCF55005F3B6E /* Alamofire.framework */; settings = {ATTRIBUTES = (CodeSignOnCopy, RemoveHeadersOnCopy, ); }; };
/* End PBXBuildFile section */

/* Begin PBXContainerItemProxy section */
		1713A3A61BEC9274005F3B6E /* PBXContainerItemProxy */ = {
			isa = PBXContainerItemProxy;
			containerPortal = 1713A3891BEC9274005F3B6E /* Project object */;
			proxyType = 1;
			remoteGlobalIDString = 1713A3901BEC9274005F3B6E;
			remoteInfo = luWeather;
		};
		1713A3B11BEC9274005F3B6E /* PBXContainerItemProxy */ = {
			isa = PBXContainerItemProxy;
			containerPortal = 1713A3891BEC9274005F3B6E /* Project object */;
			proxyType = 1;
			remoteGlobalIDString = 1713A3901BEC9274005F3B6E;
			remoteInfo = luWeather;
		};
		1713A3EE1BECC4DC005F3B6E /* PBXContainerItemProxy */ = {
			isa = PBXContainerItemProxy;
			containerPortal = 1713A3E61BECC4DC005F3B6E /* SwiftyJSON.xcodeproj */;
			proxyType = 2;
			remoteGlobalIDString = 2E4FEFDB19575BE100351305;
			remoteInfo = "SwiftyJSON iOS";
		};
		1713A3F01BECC4DC005F3B6E /* PBXContainerItemProxy */ = {
			isa = PBXContainerItemProxy;
			containerPortal = 1713A3E61BECC4DC005F3B6E /* SwiftyJSON.xcodeproj */;
			proxyType = 2;
			remoteGlobalIDString = 2E4FEFE619575BE100351305;
			remoteInfo = "SwiftyJSON iOS Tests";
		};
		1713A3F21BECC4DC005F3B6E /* PBXContainerItemProxy */ = {
			isa = PBXContainerItemProxy;
			containerPortal = 1713A3E61BECC4DC005F3B6E /* SwiftyJSON.xcodeproj */;
			proxyType = 2;
			remoteGlobalIDString = 9C7DFC5B1A9102BD005AA3F7;
			remoteInfo = "SwiftyJSON OSX";
		};
		1713A3F41BECC4DC005F3B6E /* PBXContainerItemProxy */ = {
			isa = PBXContainerItemProxy;
			containerPortal = 1713A3E61BECC4DC005F3B6E /* SwiftyJSON.xcodeproj */;
			proxyType = 2;
			remoteGlobalIDString = 9C7DFC651A9102BD005AA3F7;
			remoteInfo = "SwiftyJSON OSX Tests";
		};
		1713A3F61BECC4DC005F3B6E /* PBXContainerItemProxy */ = {
			isa = PBXContainerItemProxy;
			containerPortal = 1713A3E61BECC4DC005F3B6E /* SwiftyJSON.xcodeproj */;
			proxyType = 2;
			remoteGlobalIDString = E4D7CCE81B9465A700EE7221;
			remoteInfo = "SwiftyJSON watchOS";
		};
		1713A3FA1BECC4E9005F3B6E /* PBXContainerItemProxy */ = {
			isa = PBXContainerItemProxy;
			containerPortal = 1713A3E61BECC4DC005F3B6E /* SwiftyJSON.xcodeproj */;
			proxyType = 1;
			remoteGlobalIDString = 2E4FEFDA19575BE100351305;
			remoteInfo = "SwiftyJSON iOS";
		};
		1713A5151BECCF55005F3B6E /* PBXContainerItemProxy */ = {
			isa = PBXContainerItemProxy;
			containerPortal = 1713A50B1BECCF55005F3B6E /* Alamofire.xcodeproj */;
			proxyType = 2;
			remoteGlobalIDString = F8111E3319A95C8B0040E7D1;
			remoteInfo = "Alamofire iOS";
		};
		1713A5171BECCF55005F3B6E /* PBXContainerItemProxy */ = {
			isa = PBXContainerItemProxy;
			containerPortal = 1713A50B1BECCF55005F3B6E /* Alamofire.xcodeproj */;
			proxyType = 2;
			remoteGlobalIDString = F8111E3E19A95C8B0040E7D1;
			remoteInfo = "Alamofire iOS Tests";
		};
		1713A5191BECCF55005F3B6E /* PBXContainerItemProxy */ = {
			isa = PBXContainerItemProxy;
			containerPortal = 1713A50B1BECCF55005F3B6E /* Alamofire.xcodeproj */;
			proxyType = 2;
			remoteGlobalIDString = 4DD67C0B1A5C55C900ED2280;
			remoteInfo = "Alamofire OSX";
		};
		1713A51B1BECCF55005F3B6E /* PBXContainerItemProxy */ = {
			isa = PBXContainerItemProxy;
			containerPortal = 1713A50B1BECCF55005F3B6E /* Alamofire.xcodeproj */;
			proxyType = 2;
			remoteGlobalIDString = F829C6B21A7A94F100A2CD59;
			remoteInfo = "Alamofire OSX Tests";
		};
		1713A51D1BECCF55005F3B6E /* PBXContainerItemProxy */ = {
			isa = PBXContainerItemProxy;
			containerPortal = 1713A50B1BECCF55005F3B6E /* Alamofire.xcodeproj */;
			proxyType = 2;
			remoteGlobalIDString = 4CF626EF1BA7CB3E0011A099;
			remoteInfo = "Alamofire tvOS";
		};
		1713A51F1BECCF55005F3B6E /* PBXContainerItemProxy */ = {
			isa = PBXContainerItemProxy;
			containerPortal = 1713A50B1BECCF55005F3B6E /* Alamofire.xcodeproj */;
			proxyType = 2;
			remoteGlobalIDString = 4CF626F81BA7CB3E0011A099;
			remoteInfo = "Alamofire tvOS Tests";
		};
		1713A5211BECCF55005F3B6E /* PBXContainerItemProxy */ = {
			isa = PBXContainerItemProxy;
			containerPortal = 1713A50B1BECCF55005F3B6E /* Alamofire.xcodeproj */;
			proxyType = 2;
			remoteGlobalIDString = E4202FE01B667AA100C997FB;
			remoteInfo = "Alamofire watchOS";
		};
		1713A5251BECCF63005F3B6E /* PBXContainerItemProxy */ = {
			isa = PBXContainerItemProxy;
			containerPortal = 1713A50B1BECCF55005F3B6E /* Alamofire.xcodeproj */;
			proxyType = 1;
			remoteGlobalIDString = F8111E3219A95C8B0040E7D1;
			remoteInfo = "Alamofire iOS";
		};
/* End PBXContainerItemProxy section */

/* Begin PBXCopyFilesBuildPhase section */
		1713A3FC1BECC4E9005F3B6E /* Embed Frameworks */ = {
			isa = PBXCopyFilesBuildPhase;
			buildActionMask = 2147483647;
			dstPath = "";
			dstSubfolderSpec = 10;
			files = (
				1713A3F91BECC4E9005F3B6E /* SwiftyJSON.framework in Embed Frameworks */,
				1713A5241BECCF63005F3B6E /* Alamofire.framework in Embed Frameworks */,
			);
			name = "Embed Frameworks";
			runOnlyForDeploymentPostprocessing = 0;
		};
/* End PBXCopyFilesBuildPhase section */

/* Begin PBXFileReference section */
		1713A3911BEC9274005F3B6E /* luWeather.app */ = {isa = PBXFileReference; explicitFileType = wrapper.application; includeInIndex = 0; path = luWeather.app; sourceTree = BUILT_PRODUCTS_DIR; };
		1713A3941BEC9274005F3B6E /* AppDelegate.swift */ = {isa = PBXFileReference; lastKnownFileType = sourcecode.swift; path = AppDelegate.swift; sourceTree = "<group>"; };
		1713A3991BEC9274005F3B6E /* Base */ = {isa = PBXFileReference; lastKnownFileType = file.storyboard; name = Base; path = Base.lproj/Main.storyboard; sourceTree = "<group>"; };
		1713A39B1BEC9274005F3B6E /* Assets.xcassets */ = {isa = PBXFileReference; lastKnownFileType = folder.assetcatalog; path = Assets.xcassets; sourceTree = "<group>"; };
		1713A39E1BEC9274005F3B6E /* Base */ = {isa = PBXFileReference; lastKnownFileType = file.storyboard; name = Base; path = Base.lproj/LaunchScreen.storyboard; sourceTree = "<group>"; };
		1713A3A01BEC9274005F3B6E /* Info.plist */ = {isa = PBXFileReference; lastKnownFileType = text.plist.xml; path = Info.plist; sourceTree = "<group>"; };
		1713A3A51BEC9274005F3B6E /* luWeatherTests.xctest */ = {isa = PBXFileReference; explicitFileType = wrapper.cfbundle; includeInIndex = 0; path = luWeatherTests.xctest; sourceTree = BUILT_PRODUCTS_DIR; };
		1713A3A91BEC9274005F3B6E /* luWeatherTests.swift */ = {isa = PBXFileReference; lastKnownFileType = sourcecode.swift; path = luWeatherTests.swift; sourceTree = "<group>"; };
		1713A3AB1BEC9274005F3B6E /* Info.plist */ = {isa = PBXFileReference; lastKnownFileType = text.plist.xml; path = Info.plist; sourceTree = "<group>"; };
		1713A3B01BEC9274005F3B6E /* luWeatherUITests.xctest */ = {isa = PBXFileReference; explicitFileType = wrapper.cfbundle; includeInIndex = 0; path = luWeatherUITests.xctest; sourceTree = BUILT_PRODUCTS_DIR; };
		1713A3B41BEC9274005F3B6E /* luWeatherUITests.swift */ = {isa = PBXFileReference; lastKnownFileType = sourcecode.swift; path = luWeatherUITests.swift; sourceTree = "<group>"; };
		1713A3B61BEC9274005F3B6E /* Info.plist */ = {isa = PBXFileReference; lastKnownFileType = text.plist.xml; path = Info.plist; sourceTree = "<group>"; };
		1713A3CF1BECB313005F3B6E /* luWeather-Bridging-Header.h */ = {isa = PBXFileReference; lastKnownFileType = sourcecode.c.h; path = "luWeather-Bridging-Header.h"; sourceTree = "<group>"; };
		1713A3D31BECBF1B005F3B6E /* LeftMenuViewController.swift */ = {isa = PBXFileReference; fileEncoding = 4; lastKnownFileType = sourcecode.swift; path = LeftMenuViewController.swift; sourceTree = "<group>"; };
		1713A3D51BECBF27005F3B6E /* MainPageViewController.swift */ = {isa = PBXFileReference; fileEncoding = 4; lastKnownFileType = sourcecode.swift; path = MainPageViewController.swift; sourceTree = "<group>"; };
		1713A3D71BECC2CB005F3B6E /* CityViewController.swift */ = {isa = PBXFileReference; fileEncoding = 4; lastKnownFileType = sourcecode.swift; path = CityViewController.swift; sourceTree = "<group>"; };
		1713A3D91BECC3D0005F3B6E /* cityList.txt */ = {isa = PBXFileReference; fileEncoding = 4; lastKnownFileType = text; path = cityList.txt; sourceTree = "<group>"; };
		1713A3E61BECC4DC005F3B6E /* SwiftyJSON.xcodeproj */ = {isa = PBXFileReference; lastKnownFileType = "wrapper.pb-project"; name = SwiftyJSON.xcodeproj; path = "../../../../../../hfs_data_500/download/SwiftyJSON-master/SwiftyJSON.xcodeproj"; sourceTree = "<group>"; };
		1713A4041BECCA77005F3B6E /* Public.swift */ = {isa = PBXFileReference; fileEncoding = 4; lastKnownFileType = sourcecode.swift; path = Public.swift; sourceTree = "<group>"; };
		1713A4531BECCCAE005F3B6E /* ImageCache.swift */ = {isa = PBXFileReference; fileEncoding = 4; lastKnownFileType = sourcecode.swift; path = ImageCache.swift; sourceTree = "<group>"; };
		1713A4541BECCCAE005F3B6E /* ImageDownloader.swift */ = {isa = PBXFileReference; fileEncoding = 4; lastKnownFileType = sourcecode.swift; path = ImageDownloader.swift; sourceTree = "<group>"; };
		1713A4551BECCCAE005F3B6E /* ImageTransition.swift */ = {isa = PBXFileReference; fileEncoding = 4; lastKnownFileType = sourcecode.swift; path = ImageTransition.swift; sourceTree = "<group>"; };
		1713A4561BECCCAE005F3B6E /* Info.plist */ = {isa = PBXFileReference; fileEncoding = 4; lastKnownFileType = text.plist.xml; path = Info.plist; sourceTree = "<group>"; };
		1713A4571BECCCAE005F3B6E /* Kingfisher.h */ = {isa = PBXFileReference; fileEncoding = 4; lastKnownFileType = sourcecode.c.h; path = Kingfisher.h; sourceTree = "<group>"; };
		1713A4581BECCCAE005F3B6E /* KingfisherManager.swift */ = {isa = PBXFileReference; fileEncoding = 4; lastKnownFileType = sourcecode.swift; path = KingfisherManager.swift; sourceTree = "<group>"; };
		1713A4591BECCCAE005F3B6E /* KingfisherOptions.swift */ = {isa = PBXFileReference; fileEncoding = 4; lastKnownFileType = sourcecode.swift; path = KingfisherOptions.swift; sourceTree = "<group>"; };
		1713A45A1BECCCAE005F3B6E /* KingfisherOptionsInfo.swift */ = {isa = PBXFileReference; fileEncoding = 4; lastKnownFileType = sourcecode.swift; path = KingfisherOptionsInfo.swift; sourceTree = "<group>"; };
		1713A45B1BECCCAE005F3B6E /* Resource.swift */ = {isa = PBXFileReference; fileEncoding = 4; lastKnownFileType = sourcecode.swift; path = Resource.swift; sourceTree = "<group>"; };
		1713A45C1BECCCAE005F3B6E /* String+MD5.swift */ = {isa = PBXFileReference; fileEncoding = 4; lastKnownFileType = sourcecode.swift; path = "String+MD5.swift"; sourceTree = "<group>"; };
		1713A45D1BECCCAE005F3B6E /* ThreadHelper.swift */ = {isa = PBXFileReference; fileEncoding = 4; lastKnownFileType = sourcecode.swift; path = ThreadHelper.swift; sourceTree = "<group>"; };
		1713A45E1BECCCAE005F3B6E /* UIButton+Kingfisher.swift */ = {isa = PBXFileReference; fileEncoding = 4; lastKnownFileType = sourcecode.swift; path = "UIButton+Kingfisher.swift"; sourceTree = "<group>"; };
		1713A45F1BECCCAE005F3B6E /* UIImage+Decode.swift */ = {isa = PBXFileReference; fileEncoding = 4; lastKnownFileType = sourcecode.swift; path = "UIImage+Decode.swift"; sourceTree = "<group>"; };
		1713A4601BECCCAE005F3B6E /* UIImage+Normalize.swift */ = {isa = PBXFileReference; fileEncoding = 4; lastKnownFileType = sourcecode.swift; path = "UIImage+Normalize.swift"; sourceTree = "<group>"; };
		1713A4611BECCCAE005F3B6E /* UIImageView+Kingfisher.swift */ = {isa = PBXFileReference; fileEncoding = 4; lastKnownFileType = sourcecode.swift; path = "UIImageView+Kingfisher.swift"; sourceTree = "<group>"; };
		1713A4711BECCD42005F3B6E /* DSToast.h */ = {isa = PBXFileReference; fileEncoding = 4; lastKnownFileType = sourcecode.c.h; path = DSToast.h; sourceTree = "<group>"; };
		1713A4721BECCD42005F3B6E /* DSToast.m */ = {isa = PBXFileReference; fileEncoding = 4; lastKnownFileType = sourcecode.c.objc; path = DSToast.m; sourceTree = "<group>"; };
		1713A4761BECCD49005F3B6E /* MJRefreshAutoFooter.h */ = {isa = PBXFileReference; fileEncoding = 4; lastKnownFileType = sourcecode.c.h; path = MJRefreshAutoFooter.h; sourceTree = "<group>"; };
		1713A4771BECCD49005F3B6E /* MJRefreshAutoFooter.m */ = {isa = PBXFileReference; fileEncoding = 4; lastKnownFileType = sourcecode.c.objc; path = MJRefreshAutoFooter.m; sourceTree = "<group>"; };
		1713A4781BECCD49005F3B6E /* MJRefreshBackFooter.h */ = {isa = PBXFileReference; fileEncoding = 4; lastKnownFileType = sourcecode.c.h; path = MJRefreshBackFooter.h; sourceTree = "<group>"; };
		1713A4791BECCD49005F3B6E /* MJRefreshBackFooter.m */ = {isa = PBXFileReference; fileEncoding = 4; lastKnownFileType = sourcecode.c.objc; path = MJRefreshBackFooter.m; sourceTree = "<group>"; };
		1713A47A1BECCD49005F3B6E /* MJRefreshComponent.h */ = {isa = PBXFileReference; fileEncoding = 4; lastKnownFileType = sourcecode.c.h; path = MJRefreshComponent.h; sourceTree = "<group>"; };
		1713A47B1BECCD49005F3B6E /* MJRefreshComponent.m */ = {isa = PBXFileReference; fileEncoding = 4; lastKnownFileType = sourcecode.c.objc; path = MJRefreshComponent.m; sourceTree = "<group>"; };
		1713A47C1BECCD49005F3B6E /* MJRefreshFooter.h */ = {isa = PBXFileReference; fileEncoding = 4; lastKnownFileType = sourcecode.c.h; path = MJRefreshFooter.h; sourceTree = "<group>"; };
		1713A47D1BECCD49005F3B6E /* MJRefreshFooter.m */ = {isa = PBXFileReference; fileEncoding = 4; lastKnownFileType = sourcecode.c.objc; path = MJRefreshFooter.m; sourceTree = "<group>"; };
		1713A47E1BECCD49005F3B6E /* MJRefreshHeader.h */ = {isa = PBXFileReference; fileEncoding = 4; lastKnownFileType = sourcecode.c.h; path = MJRefreshHeader.h; sourceTree = "<group>"; };
		1713A47F1BECCD49005F3B6E /* MJRefreshHeader.m */ = {isa = PBXFileReference; fileEncoding = 4; lastKnownFileType = sourcecode.c.objc; path = MJRefreshHeader.m; sourceTree = "<group>"; };
		1713A4831BECCD49005F3B6E /* MJRefreshAutoGifFooter.h */ = {isa = PBXFileReference; fileEncoding = 4; lastKnownFileType = sourcecode.c.h; path = MJRefreshAutoGifFooter.h; sourceTree = "<group>"; };
		1713A4841BECCD49005F3B6E /* MJRefreshAutoGifFooter.m */ = {isa = PBXFileReference; fileEncoding = 4; lastKnownFileType = sourcecode.c.objc; path = MJRefreshAutoGifFooter.m; sourceTree = "<group>"; };
		1713A4851BECCD49005F3B6E /* MJRefreshAutoNormalFooter.h */ = {isa = PBXFileReference; fileEncoding = 4; lastKnownFileType = sourcecode.c.h; path = MJRefreshAutoNormalFooter.h; sourceTree = "<group>"; };
		1713A4861BECCD49005F3B6E /* MJRefreshAutoNormalFooter.m */ = {isa = PBXFileReference; fileEncoding = 4; lastKnownFileType = sourcecode.c.objc; path = MJRefreshAutoNormalFooter.m; sourceTree = "<group>"; };
		1713A4871BECCD49005F3B6E /* MJRefreshAutoStateFooter.h */ = {isa = PBXFileReference; fileEncoding = 4; lastKnownFileType = sourcecode.c.h; path = MJRefreshAutoStateFooter.h; sourceTree = "<group>"; };
		1713A4881BECCD49005F3B6E /* MJRefreshAutoStateFooter.m */ = {isa = PBXFileReference; fileEncoding = 4; lastKnownFileType = sourcecode.c.objc; path = MJRefreshAutoStateFooter.m; sourceTree = "<group>"; };
		1713A48A1BECCD49005F3B6E /* MJRefreshBackGifFooter.h */ = {isa = PBXFileReference; fileEncoding = 4; lastKnownFileType = sourcecode.c.h; path = MJRefreshBackGifFooter.h; sourceTree = "<group>"; };
		1713A48B1BECCD49005F3B6E /* MJRefreshBackGifFooter.m */ = {isa = PBXFileReference; fileEncoding = 4; lastKnownFileType = sourcecode.c.objc; path = MJRefreshBackGifFooter.m; sourceTree = "<group>"; };
		1713A48C1BECCD49005F3B6E /* MJRefreshBackNormalFooter.h */ = {isa = PBXFileReference; fileEncoding = 4; lastKnownFileType = sourcecode.c.h; path = MJRefreshBackNormalFooter.h; sourceTree = "<group>"; };
		1713A48D1BECCD49005F3B6E /* MJRefreshBackNormalFooter.m */ = {isa = PBXFileReference; fileEncoding = 4; lastKnownFileType = sourcecode.c.objc; path = MJRefreshBackNormalFooter.m; sourceTree = "<group>"; };
		1713A48E1BECCD49005F3B6E /* MJRefreshBackStateFooter.h */ = {isa = PBXFileReference; fileEncoding = 4; lastKnownFileType = sourcecode.c.h; path = MJRefreshBackStateFooter.h; sourceTree = "<group>"; };
		1713A48F1BECCD49005F3B6E /* MJRefreshBackStateFooter.m */ = {isa = PBXFileReference; fileEncoding = 4; lastKnownFileType = sourcecode.c.objc; path = MJRefreshBackStateFooter.m; sourceTree = "<group>"; };
		1713A4911BECCD49005F3B6E /* MJRefreshGifHeader.h */ = {isa = PBXFileReference; fileEncoding = 4; lastKnownFileType = sourcecode.c.h; path = MJRefreshGifHeader.h; sourceTree = "<group>"; };
		1713A4921BECCD49005F3B6E /* MJRefreshGifHeader.m */ = {isa = PBXFileReference; fileEncoding = 4; lastKnownFileType = sourcecode.c.objc; path = MJRefreshGifHeader.m; sourceTree = "<group>"; };
		1713A4931BECCD49005F3B6E /* MJRefreshNormalHeader.h */ = {isa = PBXFileReference; fileEncoding = 4; lastKnownFileType = sourcecode.c.h; path = MJRefreshNormalHeader.h; sourceTree = "<group>"; };
		1713A4941BECCD49005F3B6E /* MJRefreshNormalHeader.m */ = {isa = PBXFileReference; fileEncoding = 4; lastKnownFileType = sourcecode.c.objc; path = MJRefreshNormalHeader.m; sourceTree = "<group>"; };
		1713A4951BECCD49005F3B6E /* MJRefreshStateHeader.h */ = {isa = PBXFileReference; fileEncoding = 4; lastKnownFileType = sourcecode.c.h; path = MJRefreshStateHeader.h; sourceTree = "<group>"; };
		1713A4961BECCD49005F3B6E /* MJRefreshStateHeader.m */ = {isa = PBXFileReference; fileEncoding = 4; lastKnownFileType = sourcecode.c.objc; path = MJRefreshStateHeader.m; sourceTree = "<group>"; };
		1713A4971BECCD49005F3B6E /* MJRefresh.bundle */ = {isa = PBXFileReference; lastKnownFileType = "wrapper.plug-in"; path = MJRefresh.bundle; sourceTree = "<group>"; };
		1713A4981BECCD49005F3B6E /* MJRefresh.h */ = {isa = PBXFileReference; fileEncoding = 4; lastKnownFileType = sourcecode.c.h; path = MJRefresh.h; sourceTree = "<group>"; };
		1713A4991BECCD49005F3B6E /* MJRefreshConst.h */ = {isa = PBXFileReference; fileEncoding = 4; lastKnownFileType = sourcecode.c.h; path = MJRefreshConst.h; sourceTree = "<group>"; };
		1713A49A1BECCD49005F3B6E /* MJRefreshConst.m */ = {isa = PBXFileReference; fileEncoding = 4; lastKnownFileType = sourcecode.c.objc; path = MJRefreshConst.m; sourceTree = "<group>"; };
		1713A49B1BECCD49005F3B6E /* UIScrollView+MJExtension.h */ = {isa = PBXFileReference; fileEncoding = 4; lastKnownFileType = sourcecode.c.h; path = "UIScrollView+MJExtension.h"; sourceTree = "<group>"; };
		1713A49C1BECCD49005F3B6E /* UIScrollView+MJExtension.m */ = {isa = PBXFileReference; fileEncoding = 4; lastKnownFileType = sourcecode.c.objc; path = "UIScrollView+MJExtension.m"; sourceTree = "<group>"; };
		1713A49D1BECCD49005F3B6E /* UIScrollView+MJRefresh.h */ = {isa = PBXFileReference; fileEncoding = 4; lastKnownFileType = sourcecode.c.h; path = "UIScrollView+MJRefresh.h"; sourceTree = "<group>"; };
		1713A49E1BECCD49005F3B6E /* UIScrollView+MJRefresh.m */ = {isa = PBXFileReference; fileEncoding = 4; lastKnownFileType = sourcecode.c.objc; path = "UIScrollView+MJRefresh.m"; sourceTree = "<group>"; };
		1713A49F1BECCD49005F3B6E /* UIView+MJExtension.h */ = {isa = PBXFileReference; fileEncoding = 4; lastKnownFileType = sourcecode.c.h; path = "UIView+MJExtension.h"; sourceTree = "<group>"; };
		1713A4A01BECCD49005F3B6E /* UIView+MJExtension.m */ = {isa = PBXFileReference; fileEncoding = 4; lastKnownFileType = sourcecode.c.objc; path = "UIView+MJExtension.m"; sourceTree = "<group>"; };
		1713A4B61BECCD50005F3B6E /* UIImage+addition.h */ = {isa = PBXFileReference; fileEncoding = 4; lastKnownFileType = sourcecode.c.h; path = "UIImage+addition.h"; sourceTree = "<group>"; };
		1713A4B71BECCD50005F3B6E /* UIImage+addition.m */ = {isa = PBXFileReference; fileEncoding = 4; lastKnownFileType = sourcecode.c.objc; path = "UIImage+addition.m"; sourceTree = "<group>"; };
		1713A4B81BECCD50005F3B6E /* MGCEditImageViewController.h */ = {isa = PBXFileReference; fileEncoding = 4; lastKnownFileType = sourcecode.c.h; path = MGCEditImageViewController.h; sourceTree = "<group>"; };
		1713A4B91BECCD50005F3B6E /* MGCEditImageViewController.m */ = {isa = PBXFileReference; fileEncoding = 4; lastKnownFileType = sourcecode.c.objc; path = MGCEditImageViewController.m; sourceTree = "<group>"; };
		1713A4BA1BECCD50005F3B6E /* MGCEditSelectImageView.h */ = {isa = PBXFileReference; fileEncoding = 4; lastKnownFileType = sourcecode.c.h; path = MGCEditSelectImageView.h; sourceTree = "<group>"; };
		1713A4BB1BECCD50005F3B6E /* MGCEditSelectImageView.m */ = {isa = PBXFileReference; fileEncoding = 4; lastKnownFileType = sourcecode.c.objc; path = MGCEditSelectImageView.m; sourceTree = "<group>"; };
		1713A4C11BECCDA0005F3B6E /* Info-iOS.plist */ = {isa = PBXFileReference; fileEncoding = 4; lastKnownFileType = text.plist.xml; path = "Info-iOS.plist"; sourceTree = "<group>"; };
		1713A4C21BECCDA0005F3B6E /* Info-OSX.plist */ = {isa = PBXFileReference; fileEncoding = 4; lastKnownFileType = text.plist.xml; path = "Info-OSX.plist"; sourceTree = "<group>"; };
		1713A4C31BECCDA0005F3B6E /* Info-watchOS.plist */ = {isa = PBXFileReference; fileEncoding = 4; lastKnownFileType = text.plist.xml; path = "Info-watchOS.plist"; sourceTree = "<group>"; };
		1713A4C41BECCDA0005F3B6E /* SwiftyJSON.h */ = {isa = PBXFileReference; fileEncoding = 4; lastKnownFileType = sourcecode.c.h; path = SwiftyJSON.h; sourceTree = "<group>"; };
		1713A4C51BECCDA0005F3B6E /* SwiftyJSON.swift */ = {isa = PBXFileReference; fileEncoding = 4; lastKnownFileType = sourcecode.swift; path = SwiftyJSON.swift; sourceTree = "<group>"; };
		1713A4CB1BECCDA6005F3B6E /* SWRevealViewController.h */ = {isa = PBXFileReference; fileEncoding = 4; lastKnownFileType = sourcecode.c.h; path = SWRevealViewController.h; sourceTree = "<group>"; };
		1713A4CC1BECCDA6005F3B6E /* SWRevealViewController.m */ = {isa = PBXFileReference; fileEncoding = 4; lastKnownFileType = sourcecode.c.objc; path = SWRevealViewController.m; sourceTree = "<group>"; };
		1713A4CF1BECCF05005F3B6E /* Info.plist */ = {isa = PBXFileReference; fileEncoding = 4; lastKnownFileType = text.plist.xml; path = Info.plist; sourceTree = "<group>"; };
		1713A4D01BECCF05005F3B6E /* SCLAlertView.swift */ = {isa = PBXFileReference; fileEncoding = 4; lastKnownFileType = sourcecode.swift; path = SCLAlertView.swift; sourceTree = "<group>"; };
		1713A4D41BECCF32005F3B6E /* Alamofire.h */ = {isa = PBXFileReference; fileEncoding = 4; lastKnownFileType = sourcecode.c.h; path = Alamofire.h; sourceTree = "<group>"; };
		1713A4D51BECCF32005F3B6E /* Alamofire.swift */ = {isa = PBXFileReference; fileEncoding = 4; lastKnownFileType = sourcecode.swift; path = Alamofire.swift; sourceTree = "<group>"; };
		1713A4D61BECCF32005F3B6E /* Download.swift */ = {isa = PBXFileReference; fileEncoding = 4; lastKnownFileType = sourcecode.swift; path = Download.swift; sourceTree = "<group>"; };
		1713A4D71BECCF32005F3B6E /* Error.swift */ = {isa = PBXFileReference; fileEncoding = 4; lastKnownFileType = sourcecode.swift; path = Error.swift; sourceTree = "<group>"; };
		1713A4D81BECCF32005F3B6E /* Info.plist */ = {isa = PBXFileReference; fileEncoding = 4; lastKnownFileType = text.plist.xml; path = Info.plist; sourceTree = "<group>"; };
		1713A4D91BECCF32005F3B6E /* Manager.swift */ = {isa = PBXFileReference; fileEncoding = 4; lastKnownFileType = sourcecode.swift; path = Manager.swift; sourceTree = "<group>"; };
		1713A4DA1BECCF32005F3B6E /* MultipartFormData.swift */ = {isa = PBXFileReference; fileEncoding = 4; lastKnownFileType = sourcecode.swift; path = MultipartFormData.swift; sourceTree = "<group>"; };
		1713A4DB1BECCF32005F3B6E /* ParameterEncoding.swift */ = {isa = PBXFileReference; fileEncoding = 4; lastKnownFileType = sourcecode.swift; path = ParameterEncoding.swift; sourceTree = "<group>"; };
		1713A4DC1BECCF32005F3B6E /* Request.swift */ = {isa = PBXFileReference; fileEncoding = 4; lastKnownFileType = sourcecode.swift; path = Request.swift; sourceTree = "<group>"; };
		1713A4DD1BECCF32005F3B6E /* Response.swift */ = {isa = PBXFileReference; fileEncoding = 4; lastKnownFileType = sourcecode.swift; path = Response.swift; sourceTree = "<group>"; };
		1713A4DE1BECCF32005F3B6E /* ResponseSerialization.swift */ = {isa = PBXFileReference; fileEncoding = 4; lastKnownFileType = sourcecode.swift; path = ResponseSerialization.swift; sourceTree = "<group>"; };
		1713A4DF1BECCF32005F3B6E /* Result.swift */ = {isa = PBXFileReference; fileEncoding = 4; lastKnownFileType = sourcecode.swift; path = Result.swift; sourceTree = "<group>"; };
		1713A4E01BECCF32005F3B6E /* ServerTrustPolicy.swift */ = {isa = PBXFileReference; fileEncoding = 4; lastKnownFileType = sourcecode.swift; path = ServerTrustPolicy.swift; sourceTree = "<group>"; };
		1713A4E11BECCF32005F3B6E /* Stream.swift */ = {isa = PBXFileReference; fileEncoding = 4; lastKnownFileType = sourcecode.swift; path = Stream.swift; sourceTree = "<group>"; };
		1713A4E21BECCF32005F3B6E /* Upload.swift */ = {isa = PBXFileReference; fileEncoding = 4; lastKnownFileType = sourcecode.swift; path = Upload.swift; sourceTree = "<group>"; };
		1713A4E31BECCF32005F3B6E /* Validation.swift */ = {isa = PBXFileReference; fileEncoding = 4; lastKnownFileType = sourcecode.swift; path = Validation.swift; sourceTree = "<group>"; };
		1713A50B1BECCF55005F3B6E /* Alamofire.xcodeproj */ = {isa = PBXFileReference; lastKnownFileType = "wrapper.pb-project"; name = Alamofire.xcodeproj; path = luWeather/Alamofire/Alamofire.xcodeproj; sourceTree = "<group>"; };
/* End PBXFileReference section */

/* Begin PBXFrameworksBuildPhase section */
		1713A38E1BEC9274005F3B6E /* Frameworks */ = {
			isa = PBXFrameworksBuildPhase;
			buildActionMask = 2147483647;
			files = (
				1713A3F81BECC4E9005F3B6E /* SwiftyJSON.framework in Frameworks */,
				1713A5231BECCF63005F3B6E /* Alamofire.framework in Frameworks */,
			);
			runOnlyForDeploymentPostprocessing = 0;
		};
		1713A3A21BEC9274005F3B6E /* Frameworks */ = {
			isa = PBXFrameworksBuildPhase;
			buildActionMask = 2147483647;
			files = (
			);
			runOnlyForDeploymentPostprocessing = 0;
		};
		1713A3AD1BEC9274005F3B6E /* Frameworks */ = {
			isa = PBXFrameworksBuildPhase;
			buildActionMask = 2147483647;
			files = (
			);
			runOnlyForDeploymentPostprocessing = 0;
		};
/* End PBXFrameworksBuildPhase section */

/* Begin PBXGroup section */
		1713A3881BEC9274005F3B6E = {
			isa = PBXGroup;
			children = (
				1713A50B1BECCF55005F3B6E /* Alamofire.xcodeproj */,
				1713A3E61BECC4DC005F3B6E /* SwiftyJSON.xcodeproj */,
				1713A3931BEC9274005F3B6E /* luWeather */,
				1713A3A81BEC9274005F3B6E /* luWeatherTests */,
				1713A3B31BEC9274005F3B6E /* luWeatherUITests */,
				1713A3921BEC9274005F3B6E /* Products */,
			);
			sourceTree = "<group>";
		};
		1713A3921BEC9274005F3B6E /* Products */ = {
			isa = PBXGroup;
			children = (
				1713A3911BEC9274005F3B6E /* luWeather.app */,
				1713A3A51BEC9274005F3B6E /* luWeatherTests.xctest */,
				1713A3B01BEC9274005F3B6E /* luWeatherUITests.xctest */,
			);
			name = Products;
			sourceTree = "<group>";
		};
		1713A3931BEC9274005F3B6E /* luWeather */ = {
			isa = PBXGroup;
			children = (
				1713A3941BEC9274005F3B6E /* AppDelegate.swift */,
				1713A4031BECCA63005F3B6E /* Common */,
				1713A4021BECCA57005F3B6E /* ViewController */,
				1713A3D91BECC3D0005F3B6E /* cityList.txt */,
				1713A3CE1BECB306005F3B6E /* Lib */,
				1713A3981BEC9274005F3B6E /* Main.storyboard */,
				1713A39B1BEC9274005F3B6E /* Assets.xcassets */,
				1713A39D1BEC9274005F3B6E /* LaunchScreen.storyboard */,
				1713A3A01BEC9274005F3B6E /* Info.plist */,
			);
			path = luWeather;
			sourceTree = "<group>";
		};
		1713A3A81BEC9274005F3B6E /* luWeatherTests */ = {
			isa = PBXGroup;
			children = (
				1713A3A91BEC9274005F3B6E /* luWeatherTests.swift */,
				1713A3AB1BEC9274005F3B6E /* Info.plist */,
			);
			path = luWeatherTests;
			sourceTree = "<group>";
		};
		1713A3B31BEC9274005F3B6E /* luWeatherUITests */ = {
			isa = PBXGroup;
			children = (
				1713A3B41BEC9274005F3B6E /* luWeatherUITests.swift */,
				1713A3B61BEC9274005F3B6E /* Info.plist */,
			);
			path = luWeatherUITests;
			sourceTree = "<group>";
		};
		1713A3CE1BECB306005F3B6E /* Lib */ = {
			isa = PBXGroup;
			children = (
				1713A3CF1BECB313005F3B6E /* luWeather-Bridging-Header.h */,
				1713A4D31BECCF32005F3B6E /* Alamofire */,
				1713A4CE1BECCF05005F3B6E /* SCLAlertView */,
				1713A4CA1BECCDA6005F3B6E /* SWRevealViewController */,
				1713A4C01BECCDA0005F3B6E /* SwiftyJSON */,
				1713A4B41BECCD50005F3B6E /* YQImageEditor */,
				1713A4741BECCD49005F3B6E /* MJRefresh */,
				1713A4701BECCD42005F3B6E /* DSToast */,
				1713A4521BECCCAE005F3B6E /* Kingfisher */,
			);
			name = Lib;
			sourceTree = "<group>";
		};
		1713A3E71BECC4DC005F3B6E /* Products */ = {
			isa = PBXGroup;
			children = (
				1713A3EF1BECC4DC005F3B6E /* SwiftyJSON.framework */,
				1713A3F11BECC4DC005F3B6E /* SwiftyJSON iOS Tests.xctest */,
				1713A3F31BECC4DC005F3B6E /* SwiftyJSON.framework */,
				1713A3F51BECC4DC005F3B6E /* SwiftyJSON OSX Tests.xctest */,
				1713A3F71BECC4DC005F3B6E /* SwiftyJSON.framework */,
			);
			name = Products;
			sourceTree = "<group>";
		};
		1713A4021BECCA57005F3B6E /* ViewController */ = {
			isa = PBXGroup;
			children = (
				1713A3D31BECBF1B005F3B6E /* LeftMenuViewController.swift */,
				1713A3D51BECBF27005F3B6E /* MainPageViewController.swift */,
				1713A3D71BECC2CB005F3B6E /* CityViewController.swift */,
			);
			name = ViewController;
			sourceTree = "<group>";
		};
		1713A4031BECCA63005F3B6E /* Common */ = {
			isa = PBXGroup;
			children = (
				1713A4041BECCA77005F3B6E /* Public.swift */,
			);
			name = Common;
			sourceTree = "<group>";
		};
		1713A4521BECCCAE005F3B6E /* Kingfisher */ = {
			isa = PBXGroup;
			children = (
				1713A4531BECCCAE005F3B6E /* ImageCache.swift */,
				1713A4541BECCCAE005F3B6E /* ImageDownloader.swift */,
				1713A4551BECCCAE005F3B6E /* ImageTransition.swift */,
				1713A4561BECCCAE005F3B6E /* Info.plist */,
				1713A4571BECCCAE005F3B6E /* Kingfisher.h */,
				1713A4581BECCCAE005F3B6E /* KingfisherManager.swift */,
				1713A4591BECCCAE005F3B6E /* KingfisherOptions.swift */,
				1713A45A1BECCCAE005F3B6E /* KingfisherOptionsInfo.swift */,
				1713A45B1BECCCAE005F3B6E /* Resource.swift */,
				1713A45C1BECCCAE005F3B6E /* String+MD5.swift */,
				1713A45D1BECCCAE005F3B6E /* ThreadHelper.swift */,
				1713A45E1BECCCAE005F3B6E /* UIButton+Kingfisher.swift */,
				1713A45F1BECCCAE005F3B6E /* UIImage+Decode.swift */,
				1713A4601BECCCAE005F3B6E /* UIImage+Normalize.swift */,
				1713A4611BECCCAE005F3B6E /* UIImageView+Kingfisher.swift */,
			);
			path = Kingfisher;
			sourceTree = "<group>";
		};
		1713A4701BECCD42005F3B6E /* DSToast */ = {
			isa = PBXGroup;
			children = (
				1713A4711BECCD42005F3B6E /* DSToast.h */,
				1713A4721BECCD42005F3B6E /* DSToast.m */,
			);
			path = DSToast;
			sourceTree = "<group>";
		};
		1713A4741BECCD49005F3B6E /* MJRefresh */ = {
			isa = PBXGroup;
			children = (
				1713A4751BECCD49005F3B6E /* Base */,
				1713A4801BECCD49005F3B6E /* Custom */,
				1713A4971BECCD49005F3B6E /* MJRefresh.bundle */,
				1713A4981BECCD49005F3B6E /* MJRefresh.h */,
				1713A4991BECCD49005F3B6E /* MJRefreshConst.h */,
				1713A49A1BECCD49005F3B6E /* MJRefreshConst.m */,
				1713A49B1BECCD49005F3B6E /* UIScrollView+MJExtension.h */,
				1713A49C1BECCD49005F3B6E /* UIScrollView+MJExtension.m */,
				1713A49D1BECCD49005F3B6E /* UIScrollView+MJRefresh.h */,
				1713A49E1BECCD49005F3B6E /* UIScrollView+MJRefresh.m */,
				1713A49F1BECCD49005F3B6E /* UIView+MJExtension.h */,
				1713A4A01BECCD49005F3B6E /* UIView+MJExtension.m */,
			);
			path = MJRefresh;
			sourceTree = "<group>";
		};
		1713A4751BECCD49005F3B6E /* Base */ = {
			isa = PBXGroup;
			children = (
				1713A4761BECCD49005F3B6E /* MJRefreshAutoFooter.h */,
				1713A4771BECCD49005F3B6E /* MJRefreshAutoFooter.m */,
				1713A4781BECCD49005F3B6E /* MJRefreshBackFooter.h */,
				1713A4791BECCD49005F3B6E /* MJRefreshBackFooter.m */,
				1713A47A1BECCD49005F3B6E /* MJRefreshComponent.h */,
				1713A47B1BECCD49005F3B6E /* MJRefreshComponent.m */,
				1713A47C1BECCD49005F3B6E /* MJRefreshFooter.h */,
				1713A47D1BECCD49005F3B6E /* MJRefreshFooter.m */,
				1713A47E1BECCD49005F3B6E /* MJRefreshHeader.h */,
				1713A47F1BECCD49005F3B6E /* MJRefreshHeader.m */,
			);
			path = Base;
			sourceTree = "<group>";
		};
		1713A4801BECCD49005F3B6E /* Custom */ = {
			isa = PBXGroup;
			children = (
				1713A4811BECCD49005F3B6E /* Footer */,
				1713A4901BECCD49005F3B6E /* Header */,
			);
			path = Custom;
			sourceTree = "<group>";
		};
		1713A4811BECCD49005F3B6E /* Footer */ = {
			isa = PBXGroup;
			children = (
				1713A4821BECCD49005F3B6E /* Auto */,
				1713A4891BECCD49005F3B6E /* Back */,
			);
			path = Footer;
			sourceTree = "<group>";
		};
		1713A4821BECCD49005F3B6E /* Auto */ = {
			isa = PBXGroup;
			children = (
				1713A4831BECCD49005F3B6E /* MJRefreshAutoGifFooter.h */,
				1713A4841BECCD49005F3B6E /* MJRefreshAutoGifFooter.m */,
				1713A4851BECCD49005F3B6E /* MJRefreshAutoNormalFooter.h */,
				1713A4861BECCD49005F3B6E /* MJRefreshAutoNormalFooter.m */,
				1713A4871BECCD49005F3B6E /* MJRefreshAutoStateFooter.h */,
				1713A4881BECCD49005F3B6E /* MJRefreshAutoStateFooter.m */,
			);
			path = Auto;
			sourceTree = "<group>";
		};
		1713A4891BECCD49005F3B6E /* Back */ = {
			isa = PBXGroup;
			children = (
				1713A48A1BECCD49005F3B6E /* MJRefreshBackGifFooter.h */,
				1713A48B1BECCD49005F3B6E /* MJRefreshBackGifFooter.m */,
				1713A48C1BECCD49005F3B6E /* MJRefreshBackNormalFooter.h */,
				1713A48D1BECCD49005F3B6E /* MJRefreshBackNormalFooter.m */,
				1713A48E1BECCD49005F3B6E /* MJRefreshBackStateFooter.h */,
				1713A48F1BECCD49005F3B6E /* MJRefreshBackStateFooter.m */,
			);
			path = Back;
			sourceTree = "<group>";
		};
		1713A4901BECCD49005F3B6E /* Header */ = {
			isa = PBXGroup;
			children = (
				1713A4911BECCD49005F3B6E /* MJRefreshGifHeader.h */,
				1713A4921BECCD49005F3B6E /* MJRefreshGifHeader.m */,
				1713A4931BECCD49005F3B6E /* MJRefreshNormalHeader.h */,
				1713A4941BECCD49005F3B6E /* MJRefreshNormalHeader.m */,
				1713A4951BECCD49005F3B6E /* MJRefreshStateHeader.h */,
				1713A4961BECCD49005F3B6E /* MJRefreshStateHeader.m */,
			);
			path = Header;
			sourceTree = "<group>";
		};
		1713A4B41BECCD50005F3B6E /* YQImageEditor */ = {
			isa = PBXGroup;
			children = (
				1713A4B51BECCD50005F3B6E /* addition */,
				1713A4B81BECCD50005F3B6E /* MGCEditImageViewController.h */,
				1713A4B91BECCD50005F3B6E /* MGCEditImageViewController.m */,
				1713A4BA1BECCD50005F3B6E /* MGCEditSelectImageView.h */,
				1713A4BB1BECCD50005F3B6E /* MGCEditSelectImageView.m */,
			);
			path = YQImageEditor;
			sourceTree = "<group>";
		};
		1713A4B51BECCD50005F3B6E /* addition */ = {
			isa = PBXGroup;
			children = (
				1713A4B61BECCD50005F3B6E /* UIImage+addition.h */,
				1713A4B71BECCD50005F3B6E /* UIImage+addition.m */,
			);
			path = addition;
			sourceTree = "<group>";
		};
		1713A4C01BECCDA0005F3B6E /* SwiftyJSON */ = {
			isa = PBXGroup;
			children = (
				1713A4C11BECCDA0005F3B6E /* Info-iOS.plist */,
				1713A4C21BECCDA0005F3B6E /* Info-OSX.plist */,
				1713A4C31BECCDA0005F3B6E /* Info-watchOS.plist */,
				1713A4C41BECCDA0005F3B6E /* SwiftyJSON.h */,
				1713A4C51BECCDA0005F3B6E /* SwiftyJSON.swift */,
			);
			path = SwiftyJSON;
			sourceTree = "<group>";
		};
		1713A4CA1BECCDA6005F3B6E /* SWRevealViewController */ = {
			isa = PBXGroup;
			children = (
				1713A4CB1BECCDA6005F3B6E /* SWRevealViewController.h */,
				1713A4CC1BECCDA6005F3B6E /* SWRevealViewController.m */,
			);
			path = SWRevealViewController;
			sourceTree = "<group>";
		};
		1713A4CE1BECCF05005F3B6E /* SCLAlertView */ = {
			isa = PBXGroup;
			children = (
				1713A4CF1BECCF05005F3B6E /* Info.plist */,
				1713A4D01BECCF05005F3B6E /* SCLAlertView.swift */,
			);
			path = SCLAlertView;
			sourceTree = "<group>";
		};
		1713A4D31BECCF32005F3B6E /* Alamofire */ = {
			isa = PBXGroup;
			children = (
				1713A4D41BECCF32005F3B6E /* Alamofire.h */,
				1713A4D51BECCF32005F3B6E /* Alamofire.swift */,
				1713A4D61BECCF32005F3B6E /* Download.swift */,
				1713A4D71BECCF32005F3B6E /* Error.swift */,
				1713A4D81BECCF32005F3B6E /* Info.plist */,
				1713A4D91BECCF32005F3B6E /* Manager.swift */,
				1713A4DA1BECCF32005F3B6E /* MultipartFormData.swift */,
				1713A4DB1BECCF32005F3B6E /* ParameterEncoding.swift */,
				1713A4DC1BECCF32005F3B6E /* Request.swift */,
				1713A4DD1BECCF32005F3B6E /* Response.swift */,
				1713A4DE1BECCF32005F3B6E /* ResponseSerialization.swift */,
				1713A4DF1BECCF32005F3B6E /* Result.swift */,
				1713A4E01BECCF32005F3B6E /* ServerTrustPolicy.swift */,
				1713A4E11BECCF32005F3B6E /* Stream.swift */,
				1713A4E21BECCF32005F3B6E /* Upload.swift */,
				1713A4E31BECCF32005F3B6E /* Validation.swift */,
			);
			path = Alamofire;
			sourceTree = "<group>";
		};
		1713A50C1BECCF55005F3B6E /* Products */ = {
			isa = PBXGroup;
			children = (
				1713A5161BECCF55005F3B6E /* Alamofire.framework */,
				1713A5181BECCF55005F3B6E /* Alamofire iOS Tests.xctest */,
				1713A51A1BECCF55005F3B6E /* Alamofire.framework */,
				1713A51C1BECCF55005F3B6E /* Alamofire OSX Tests.xctest */,
				1713A51E1BECCF55005F3B6E /* Alamofire.framework */,
				1713A5201BECCF55005F3B6E /* Alamofire tvOS Tests.xctest */,
				1713A5221BECCF55005F3B6E /* Alamofire.framework */,
			);
			name = Products;
			sourceTree = "<group>";
		};
/* End PBXGroup section */

/* Begin PBXNativeTarget section */
		1713A3901BEC9274005F3B6E /* luWeather */ = {
			isa = PBXNativeTarget;
			buildConfigurationList = 1713A3B91BEC9274005F3B6E /* Build configuration list for PBXNativeTarget "luWeather" */;
			buildPhases = (
				1713A38D1BEC9274005F3B6E /* Sources */,
				1713A38E1BEC9274005F3B6E /* Frameworks */,
				1713A38F1BEC9274005F3B6E /* Resources */,
				1713A3FC1BECC4E9005F3B6E /* Embed Frameworks */,
			);
			buildRules = (
			);
			dependencies = (
				1713A3FB1BECC4E9005F3B6E /* PBXTargetDependency */,
				1713A5261BECCF63005F3B6E /* PBXTargetDependency */,
			);
			name = luWeather;
			productName = luWeather;
			productReference = 1713A3911BEC9274005F3B6E /* luWeather.app */;
			productType = "com.apple.product-type.application";
		};
		1713A3A41BEC9274005F3B6E /* luWeatherTests */ = {
			isa = PBXNativeTarget;
			buildConfigurationList = 1713A3BC1BEC9274005F3B6E /* Build configuration list for PBXNativeTarget "luWeatherTests" */;
			buildPhases = (
				1713A3A11BEC9274005F3B6E /* Sources */,
				1713A3A21BEC9274005F3B6E /* Frameworks */,
				1713A3A31BEC9274005F3B6E /* Resources */,
			);
			buildRules = (
			);
			dependencies = (
				1713A3A71BEC9274005F3B6E /* PBXTargetDependency */,
			);
			name = luWeatherTests;
			productName = luWeatherTests;
			productReference = 1713A3A51BEC9274005F3B6E /* luWeatherTests.xctest */;
			productType = "com.apple.product-type.bundle.unit-test";
		};
		1713A3AF1BEC9274005F3B6E /* luWeatherUITests */ = {
			isa = PBXNativeTarget;
			buildConfigurationList = 1713A3BF1BEC9274005F3B6E /* Build configuration list for PBXNativeTarget "luWeatherUITests" */;
			buildPhases = (
				1713A3AC1BEC9274005F3B6E /* Sources */,
				1713A3AD1BEC9274005F3B6E /* Frameworks */,
				1713A3AE1BEC9274005F3B6E /* Resources */,
			);
			buildRules = (
			);
			dependencies = (
				1713A3B21BEC9274005F3B6E /* PBXTargetDependency */,
			);
			name = luWeatherUITests;
			productName = luWeatherUITests;
			productReference = 1713A3B01BEC9274005F3B6E /* luWeatherUITests.xctest */;
			productType = "com.apple.product-type.bundle.ui-testing";
		};
/* End PBXNativeTarget section */

/* Begin PBXProject section */
		1713A3891BEC9274005F3B6E /* Project object */ = {
			isa = PBXProject;
			attributes = {
				LastSwiftUpdateCheck = 0710;
				LastUpgradeCheck = 0710;
				ORGANIZATIONNAME = lingdong;
				TargetAttributes = {
					1713A3901BEC9274005F3B6E = {
						CreatedOnToolsVersion = 7.1;
						DevelopmentTeam = 977G6XM9PF;
					};
					1713A3A41BEC9274005F3B6E = {
						CreatedOnToolsVersion = 7.1;
						DevelopmentTeam = 977G6XM9PF;
						TestTargetID = 1713A3901BEC9274005F3B6E;
					};
					1713A3AF1BEC9274005F3B6E = {
						CreatedOnToolsVersion = 7.1;
						DevelopmentTeam = 977G6XM9PF;
						TestTargetID = 1713A3901BEC9274005F3B6E;
					};
				};
			};
			buildConfigurationList = 1713A38C1BEC9274005F3B6E /* Build configuration list for PBXProject "luWeather" */;
			compatibilityVersion = "Xcode 3.2";
			developmentRegion = English;
			hasScannedForEncodings = 0;
			knownRegions = (
				en,
				Base,
			);
			mainGroup = 1713A3881BEC9274005F3B6E;
			productRefGroup = 1713A3921BEC9274005F3B6E /* Products */;
			projectDirPath = "";
			projectReferences = (
				{
					ProductGroup = 1713A50C1BECCF55005F3B6E /* Products */;
					ProjectRef = 1713A50B1BECCF55005F3B6E /* Alamofire.xcodeproj */;
				},
				{
					ProductGroup = 1713A3E71BECC4DC005F3B6E /* Products */;
					ProjectRef = 1713A3E61BECC4DC005F3B6E /* SwiftyJSON.xcodeproj */;
				},
			);
			projectRoot = "";
			targets = (
				1713A3901BEC9274005F3B6E /* luWeather */,
				1713A3A41BEC9274005F3B6E /* luWeatherTests */,
				1713A3AF1BEC9274005F3B6E /* luWeatherUITests */,
			);
		};
/* End PBXProject section */

/* Begin PBXReferenceProxy section */
		1713A3EF1BECC4DC005F3B6E /* SwiftyJSON.framework */ = {
			isa = PBXReferenceProxy;
			fileType = wrapper.framework;
			path = SwiftyJSON.framework;
			remoteRef = 1713A3EE1BECC4DC005F3B6E /* PBXContainerItemProxy */;
			sourceTree = BUILT_PRODUCTS_DIR;
		};
		1713A3F11BECC4DC005F3B6E /* SwiftyJSON iOS Tests.xctest */ = {
			isa = PBXReferenceProxy;
			fileType = wrapper.cfbundle;
			path = "SwiftyJSON iOS Tests.xctest";
			remoteRef = 1713A3F01BECC4DC005F3B6E /* PBXContainerItemProxy */;
			sourceTree = BUILT_PRODUCTS_DIR;
		};
		1713A3F31BECC4DC005F3B6E /* SwiftyJSON.framework */ = {
			isa = PBXReferenceProxy;
			fileType = wrapper.framework;
			path = SwiftyJSON.framework;
			remoteRef = 1713A3F21BECC4DC005F3B6E /* PBXContainerItemProxy */;
			sourceTree = BUILT_PRODUCTS_DIR;
		};
		1713A3F51BECC4DC005F3B6E /* SwiftyJSON OSX Tests.xctest */ = {
			isa = PBXReferenceProxy;
			fileType = wrapper.cfbundle;
			path = "SwiftyJSON OSX Tests.xctest";
			remoteRef = 1713A3F41BECC4DC005F3B6E /* PBXContainerItemProxy */;
			sourceTree = BUILT_PRODUCTS_DIR;
		};
		1713A3F71BECC4DC005F3B6E /* SwiftyJSON.framework */ = {
			isa = PBXReferenceProxy;
			fileType = wrapper.framework;
			path = SwiftyJSON.framework;
			remoteRef = 1713A3F61BECC4DC005F3B6E /* PBXContainerItemProxy */;
			sourceTree = BUILT_PRODUCTS_DIR;
		};
		1713A5161BECCF55005F3B6E /* Alamofire.framework */ = {
			isa = PBXReferenceProxy;
			fileType = wrapper.framework;
			path = Alamofire.framework;
			remoteRef = 1713A5151BECCF55005F3B6E /* PBXContainerItemProxy */;
			sourceTree = BUILT_PRODUCTS_DIR;
		};
		1713A5181BECCF55005F3B6E /* Alamofire iOS Tests.xctest */ = {
			isa = PBXReferenceProxy;
			fileType = wrapper.cfbundle;
			path = "Alamofire iOS Tests.xctest";
			remoteRef = 1713A5171BECCF55005F3B6E /* PBXContainerItemProxy */;
			sourceTree = BUILT_PRODUCTS_DIR;
		};
		1713A51A1BECCF55005F3B6E /* Alamofire.framework */ = {
			isa = PBXReferenceProxy;
			fileType = wrapper.framework;
			path = Alamofire.framework;
			remoteRef = 1713A5191BECCF55005F3B6E /* PBXContainerItemProxy */;
			sourceTree = BUILT_PRODUCTS_DIR;
		};
		1713A51C1BECCF55005F3B6E /* Alamofire OSX Tests.xctest */ = {
			isa = PBXReferenceProxy;
			fileType = wrapper.cfbundle;
			path = "Alamofire OSX Tests.xctest";
			remoteRef = 1713A51B1BECCF55005F3B6E /* PBXContainerItemProxy */;
			sourceTree = BUILT_PRODUCTS_DIR;
		};
		1713A51E1BECCF55005F3B6E /* Alamofire.framework */ = {
			isa = PBXReferenceProxy;
			fileType = wrapper.framework;
			path = Alamofire.framework;
			remoteRef = 1713A51D1BECCF55005F3B6E /* PBXContainerItemProxy */;
			sourceTree = BUILT_PRODUCTS_DIR;
		};
		1713A5201BECCF55005F3B6E /* Alamofire tvOS Tests.xctest */ = {
			isa = PBXReferenceProxy;
			fileType = wrapper.cfbundle;
			path = "Alamofire tvOS Tests.xctest";
			remoteRef = 1713A51F1BECCF55005F3B6E /* PBXContainerItemProxy */;
			sourceTree = BUILT_PRODUCTS_DIR;
		};
		1713A5221BECCF55005F3B6E /* Alamofire.framework */ = {
			isa = PBXReferenceProxy;
			fileType = wrapper.framework;
			path = Alamofire.framework;
			remoteRef = 1713A5211BECCF55005F3B6E /* PBXContainerItemProxy */;
			sourceTree = BUILT_PRODUCTS_DIR;
		};
/* End PBXReferenceProxy section */

/* Begin PBXResourcesBuildPhase section */
		1713A38F1BEC9274005F3B6E /* Resources */ = {
			isa = PBXResourcesBuildPhase;
			buildActionMask = 2147483647;
			files = (
				1713A4C81BECCDA0005F3B6E /* Info-watchOS.plist in Resources */,
				1713A4651BECCCAE005F3B6E /* Info.plist in Resources */,
				1713A39F1BEC9274005F3B6E /* LaunchScreen.storyboard in Resources */,
				1713A39C1BEC9274005F3B6E /* Assets.xcassets in Resources */,
				1713A4C71BECCDA0005F3B6E /* Info-OSX.plist in Resources */,
				1713A4C61BECCDA0005F3B6E /* Info-iOS.plist in Resources */,
				1713A39A1BEC9274005F3B6E /* Main.storyboard in Resources */,
				1713A3DA1BECC3D0005F3B6E /* cityList.txt in Resources */,
				1713A4E71BECCF32005F3B6E /* Info.plist in Resources */,
				1713A4D11BECCF05005F3B6E /* Info.plist in Resources */,
				1713A4AF1BECCD49005F3B6E /* MJRefresh.bundle in Resources */,
			);
			runOnlyForDeploymentPostprocessing = 0;
		};
		1713A3A31BEC9274005F3B6E /* Resources */ = {
			isa = PBXResourcesBuildPhase;
			buildActionMask = 2147483647;
			files = (
			);
			runOnlyForDeploymentPostprocessing = 0;
		};
		1713A3AE1BEC9274005F3B6E /* Resources */ = {
			isa = PBXResourcesBuildPhase;
			buildActionMask = 2147483647;
			files = (
			);
			runOnlyForDeploymentPostprocessing = 0;
		};
/* End PBXResourcesBuildPhase section */

/* Begin PBXSourcesBuildPhase section */
		1713A38D1BEC9274005F3B6E /* Sources */ = {
			isa = PBXSourcesBuildPhase;
			buildActionMask = 2147483647;
			files = (
				1713A3D61BECBF27005F3B6E /* MainPageViewController.swift in Sources */,
				1713A4B11BECCD49005F3B6E /* UIScrollView+MJExtension.m in Sources */,
				1713A4E61BECCF32005F3B6E /* Error.swift in Sources */,
				1713A4A61BECCD49005F3B6E /* MJRefreshAutoGifFooter.m in Sources */,
				1713A3951BEC9274005F3B6E /* AppDelegate.swift in Sources */,
				1713A4641BECCCAE005F3B6E /* ImageTransition.swift in Sources */,
				1713A46A1BECCCAE005F3B6E /* String+MD5.swift in Sources */,
				1713A4A71BECCD49005F3B6E /* MJRefreshAutoNormalFooter.m in Sources */,
				1713A4691BECCCAE005F3B6E /* Resource.swift in Sources */,
				1713A4EF1BECCF32005F3B6E /* ServerTrustPolicy.swift in Sources */,
				1713A3D41BECBF1B005F3B6E /* LeftMenuViewController.swift in Sources */,
				1713A4E51BECCF32005F3B6E /* Download.swift in Sources */,
				1713A4ED1BECCF32005F3B6E /* ResponseSerialization.swift in Sources */,
				1713A4F21BECCF32005F3B6E /* Validation.swift in Sources */,
				1713A46F1BECCCAE005F3B6E /* UIImageView+Kingfisher.swift in Sources */,
				1713A4B21BECCD49005F3B6E /* UIScrollView+MJRefresh.m in Sources */,
				1713A4AA1BECCD49005F3B6E /* MJRefreshBackNormalFooter.m in Sources */,
				1713A4E81BECCF32005F3B6E /* Manager.swift in Sources */,
				1713A4BE1BECCD50005F3B6E /* MGCEditSelectImageView.m in Sources */,
				1713A4621BECCCAE005F3B6E /* ImageCache.swift in Sources */,
				1713A4A31BECCD49005F3B6E /* MJRefreshComponent.m in Sources */,
				1713A4E91BECCF32005F3B6E /* MultipartFormData.swift in Sources */,
				1713A4AD1BECCD49005F3B6E /* MJRefreshNormalHeader.m in Sources */,
				1713A4EE1BECCF32005F3B6E /* Result.swift in Sources */,
				1713A46C1BECCCAE005F3B6E /* UIButton+Kingfisher.swift in Sources */,
				1713A4A91BECCD49005F3B6E /* MJRefreshBackGifFooter.m in Sources */,
				1713A4A11BECCD49005F3B6E /* MJRefreshAutoFooter.m in Sources */,
				1713A4681BECCCAE005F3B6E /* KingfisherOptionsInfo.swift in Sources */,
				1713A4A21BECCD49005F3B6E /* MJRefreshBackFooter.m in Sources */,
				1713A4F11BECCF32005F3B6E /* Upload.swift in Sources */,
				1713A4C91BECCDA0005F3B6E /* SwiftyJSON.swift in Sources */,
				1713A4051BECCA77005F3B6E /* Public.swift in Sources */,
				1713A4B31BECCD49005F3B6E /* UIView+MJExtension.m in Sources */,
				1713A4EA1BECCF32005F3B6E /* ParameterEncoding.swift in Sources */,
				1713A46E1BECCCAE005F3B6E /* UIImage+Normalize.swift in Sources */,
				1713A4661BECCCAE005F3B6E /* KingfisherManager.swift in Sources */,
				1713A4AC1BECCD49005F3B6E /* MJRefreshGifHeader.m in Sources */,
				1713A4D21BECCF05005F3B6E /* SCLAlertView.swift in Sources */,
				1713A4A81BECCD49005F3B6E /* MJRefreshAutoStateFooter.m in Sources */,
				1713A4631BECCCAE005F3B6E /* ImageDownloader.swift in Sources */,
				1713A4E41BECCF32005F3B6E /* Alamofire.swift in Sources */,
				1713A4BC1BECCD50005F3B6E /* UIImage+addition.m in Sources */,
				1713A4EC1BECCF32005F3B6E /* Response.swift in Sources */,
				1713A4EB1BECCF32005F3B6E /* Request.swift in Sources */,
				1713A4671BECCCAE005F3B6E /* KingfisherOptions.swift in Sources */,
				1713A46D1BECCCAE005F3B6E /* UIImage+Decode.swift in Sources */,
				1713A4F01BECCF32005F3B6E /* Stream.swift in Sources */,
				1713A4A51BECCD49005F3B6E /* MJRefreshHeader.m in Sources */,
				1713A4BD1BECCD50005F3B6E /* MGCEditImageViewController.m in Sources */,
				1713A4731BECCD42005F3B6E /* DSToast.m in Sources */,
				1713A4CD1BECCDA6005F3B6E /* SWRevealViewController.m in Sources */,
				1713A4AE1BECCD49005F3B6E /* MJRefreshStateHeader.m in Sources */,
				1713A4AB1BECCD49005F3B6E /* MJRefreshBackStateFooter.m in Sources */,
				1713A4B01BECCD49005F3B6E /* MJRefreshConst.m in Sources */,
				1713A46B1BECCCAE005F3B6E /* ThreadHelper.swift in Sources */,
				1713A3D81BECC2CB005F3B6E /* CityViewController.swift in Sources */,
				1713A4A41BECCD49005F3B6E /* MJRefreshFooter.m in Sources */,
			);
			runOnlyForDeploymentPostprocessing = 0;
		};
		1713A3A11BEC9274005F3B6E /* Sources */ = {
			isa = PBXSourcesBuildPhase;
			buildActionMask = 2147483647;
			files = (
				1713A3AA1BEC9274005F3B6E /* luWeatherTests.swift in Sources */,
			);
			runOnlyForDeploymentPostprocessing = 0;
		};
		1713A3AC1BEC9274005F3B6E /* Sources */ = {
			isa = PBXSourcesBuildPhase;
			buildActionMask = 2147483647;
			files = (
				1713A3B51BEC9274005F3B6E /* luWeatherUITests.swift in Sources */,
			);
			runOnlyForDeploymentPostprocessing = 0;
		};
/* End PBXSourcesBuildPhase section */

/* Begin PBXTargetDependency section */
		1713A3A71BEC9274005F3B6E /* PBXTargetDependency */ = {
			isa = PBXTargetDependency;
			target = 1713A3901BEC9274005F3B6E /* luWeather */;
			targetProxy = 1713A3A61BEC9274005F3B6E /* PBXContainerItemProxy */;
		};
		1713A3B21BEC9274005F3B6E /* PBXTargetDependency */ = {
			isa = PBXTargetDependency;
			target = 1713A3901BEC9274005F3B6E /* luWeather */;
			targetProxy = 1713A3B11BEC9274005F3B6E /* PBXContainerItemProxy */;
		};
		1713A3FB1BECC4E9005F3B6E /* PBXTargetDependency */ = {
			isa = PBXTargetDependency;
			name = "SwiftyJSON iOS";
			targetProxy = 1713A3FA1BECC4E9005F3B6E /* PBXContainerItemProxy */;
		};
		1713A5261BECCF63005F3B6E /* PBXTargetDependency */ = {
			isa = PBXTargetDependency;
			name = "Alamofire iOS";
			targetProxy = 1713A5251BECCF63005F3B6E /* PBXContainerItemProxy */;
		};
/* End PBXTargetDependency section */

/* Begin PBXVariantGroup section */
		1713A3981BEC9274005F3B6E /* Main.storyboard */ = {
			isa = PBXVariantGroup;
			children = (
				1713A3991BEC9274005F3B6E /* Base */,
			);
			name = Main.storyboard;
			sourceTree = "<group>";
		};
		1713A39D1BEC9274005F3B6E /* LaunchScreen.storyboard */ = {
			isa = PBXVariantGroup;
			children = (
				1713A39E1BEC9274005F3B6E /* Base */,
			);
			name = LaunchScreen.storyboard;
			sourceTree = "<group>";
		};
/* End PBXVariantGroup section */

/* Begin XCBuildConfiguration section */
		1713A3B71BEC9274005F3B6E /* Debug */ = {
			isa = XCBuildConfiguration;
			buildSettings = {
				ALWAYS_SEARCH_USER_PATHS = NO;
				CLANG_CXX_LANGUAGE_STANDARD = "gnu++0x";
				CLANG_CXX_LIBRARY = "libc++";
				CLANG_ENABLE_MODULES = YES;
				CLANG_ENABLE_OBJC_ARC = YES;
				CLANG_WARN_BOOL_CONVERSION = YES;
				CLANG_WARN_CONSTANT_CONVERSION = YES;
				CLANG_WARN_DIRECT_OBJC_ISA_USAGE = YES_ERROR;
				CLANG_WARN_EMPTY_BODY = YES;
				CLANG_WARN_ENUM_CONVERSION = YES;
				CLANG_WARN_INT_CONVERSION = YES;
				CLANG_WARN_OBJC_ROOT_CLASS = YES_ERROR;
				CLANG_WARN_UNREACHABLE_CODE = YES;
				CLANG_WARN__DUPLICATE_METHOD_MATCH = YES;
				"CODE_SIGN_IDENTITY[sdk=iphoneos*]" = "iPhone Developer";
				COPY_PHASE_STRIP = NO;
				DEBUG_INFORMATION_FORMAT = dwarf;
				ENABLE_STRICT_OBJC_MSGSEND = YES;
				ENABLE_TESTABILITY = YES;
				GCC_C_LANGUAGE_STANDARD = gnu99;
				GCC_DYNAMIC_NO_PIC = NO;
				GCC_NO_COMMON_BLOCKS = YES;
				GCC_OPTIMIZATION_LEVEL = 0;
				GCC_PREPROCESSOR_DEFINITIONS = (
					"DEBUG=1",
					"$(inherited)",
				);
				GCC_WARN_64_TO_32_BIT_CONVERSION = YES;
				GCC_WARN_ABOUT_RETURN_TYPE = YES_ERROR;
				GCC_WARN_UNDECLARED_SELECTOR = YES;
				GCC_WARN_UNINITIALIZED_AUTOS = YES_AGGRESSIVE;
				GCC_WARN_UNUSED_FUNCTION = YES;
				GCC_WARN_UNUSED_VARIABLE = YES;
				IPHONEOS_DEPLOYMENT_TARGET = 9.1;
				MTL_ENABLE_DEBUG_INFO = YES;
				ONLY_ACTIVE_ARCH = YES;
				SDKROOT = iphoneos;
				SWIFT_OPTIMIZATION_LEVEL = "-Onone";
				TARGETED_DEVICE_FAMILY = "1,2";
			};
			name = Debug;
		};
		1713A3B81BEC9274005F3B6E /* Release */ = {
			isa = XCBuildConfiguration;
			buildSettings = {
				ALWAYS_SEARCH_USER_PATHS = NO;
				CLANG_CXX_LANGUAGE_STANDARD = "gnu++0x";
				CLANG_CXX_LIBRARY = "libc++";
				CLANG_ENABLE_MODULES = YES;
				CLANG_ENABLE_OBJC_ARC = YES;
				CLANG_WARN_BOOL_CONVERSION = YES;
				CLANG_WARN_CONSTANT_CONVERSION = YES;
				CLANG_WARN_DIRECT_OBJC_ISA_USAGE = YES_ERROR;
				CLANG_WARN_EMPTY_BODY = YES;
				CLANG_WARN_ENUM_CONVERSION = YES;
				CLANG_WARN_INT_CONVERSION = YES;
				CLANG_WARN_OBJC_ROOT_CLASS = YES_ERROR;
				CLANG_WARN_UNREACHABLE_CODE = YES;
				CLANG_WARN__DUPLICATE_METHOD_MATCH = YES;
				"CODE_SIGN_IDENTITY[sdk=iphoneos*]" = "iPhone Developer";
				COPY_PHASE_STRIP = NO;
				DEBUG_INFORMATION_FORMAT = "dwarf-with-dsym";
				ENABLE_NS_ASSERTIONS = NO;
				ENABLE_STRICT_OBJC_MSGSEND = YES;
				GCC_C_LANGUAGE_STANDARD = gnu99;
				GCC_NO_COMMON_BLOCKS = YES;
				GCC_WARN_64_TO_32_BIT_CONVERSION = YES;
				GCC_WARN_ABOUT_RETURN_TYPE = YES_ERROR;
				GCC_WARN_UNDECLARED_SELECTOR = YES;
				GCC_WARN_UNINITIALIZED_AUTOS = YES_AGGRESSIVE;
				GCC_WARN_UNUSED_FUNCTION = YES;
				GCC_WARN_UNUSED_VARIABLE = YES;
				IPHONEOS_DEPLOYMENT_TARGET = 9.1;
				MTL_ENABLE_DEBUG_INFO = NO;
				SDKROOT = iphoneos;
				TARGETED_DEVICE_FAMILY = "1,2";
				VALIDATE_PRODUCT = YES;
			};
			name = Release;
		};
		1713A3BA1BEC9274005F3B6E /* Debug */ = {
			isa = XCBuildConfiguration;
			buildSettings = {
				ASSETCATALOG_COMPILER_APPICON_NAME = AppIcon;
				CLANG_ENABLE_MODULES = YES;
				EMBEDDED_CONTENT_CONTAINS_SWIFT = YES;
				INFOPLIST_FILE = luWeather/Info.plist;
				LD_RUNPATH_SEARCH_PATHS = "$(inherited) @executable_path/Frameworks";
				PRODUCT_BUNDLE_IDENTIFIER = com.hfut.lingdong.edu.luWeather;
				PRODUCT_NAME = "$(TARGET_NAME)";
				SWIFT_OBJC_BRIDGING_HEADER = "luWeather/luWeather-Bridging-Header.h";
				SWIFT_OPTIMIZATION_LEVEL = "-Onone";
			};
			name = Debug;
		};
		1713A3BB1BEC9274005F3B6E /* Release */ = {
			isa = XCBuildConfiguration;
			buildSettings = {
				ASSETCATALOG_COMPILER_APPICON_NAME = AppIcon;
				CLANG_ENABLE_MODULES = YES;
				EMBEDDED_CONTENT_CONTAINS_SWIFT = YES;
				INFOPLIST_FILE = luWeather/Info.plist;
				LD_RUNPATH_SEARCH_PATHS = "$(inherited) @executable_path/Frameworks";
				PRODUCT_BUNDLE_IDENTIFIER = com.hfut.lingdong.edu.luWeather;
				PRODUCT_NAME = "$(TARGET_NAME)";
				SWIFT_OBJC_BRIDGING_HEADER = "luWeather/luWeather-Bridging-Header.h";
			};
			name = Release;
		};
		1713A3BD1BEC9274005F3B6E /* Debug */ = {
			isa = XCBuildConfiguration;
			buildSettings = {
				BUNDLE_LOADER = "$(TEST_HOST)";
				INFOPLIST_FILE = luWeatherTests/Info.plist;
				LD_RUNPATH_SEARCH_PATHS = "$(inherited) @executable_path/Frameworks @loader_path/Frameworks";
				PRODUCT_BUNDLE_IDENTIFIER = com.hfut.lingdong.edu.luWeatherTests;
				PRODUCT_NAME = "$(TARGET_NAME)";
				TEST_HOST = "$(BUILT_PRODUCTS_DIR)/luWeather.app/luWeather";
			};
			name = Debug;
		};
		1713A3BE1BEC9274005F3B6E /* Release */ = {
			isa = XCBuildConfiguration;
			buildSettings = {
				BUNDLE_LOADER = "$(TEST_HOST)";
				INFOPLIST_FILE = luWeatherTests/Info.plist;
				LD_RUNPATH_SEARCH_PATHS = "$(inherited) @executable_path/Frameworks @loader_path/Frameworks";
				PRODUCT_BUNDLE_IDENTIFIER = com.hfut.lingdong.edu.luWeatherTests;
				PRODUCT_NAME = "$(TARGET_NAME)";
				TEST_HOST = "$(BUILT_PRODUCTS_DIR)/luWeather.app/luWeather";
			};
			name = Release;
		};
		1713A3C01BEC9274005F3B6E /* Debug */ = {
			isa = XCBuildConfiguration;
			buildSettings = {
				INFOPLIST_FILE = luWeatherUITests/Info.plist;
				LD_RUNPATH_SEARCH_PATHS = "$(inherited) @executable_path/Frameworks @loader_path/Frameworks";
				PRODUCT_BUNDLE_IDENTIFIER = com.hfut.lingdong.edu.luWeatherUITests;
				PRODUCT_NAME = "$(TARGET_NAME)";
				TEST_TARGET_NAME = luWeather;
				USES_XCTRUNNER = YES;
			};
			name = Debug;
		};
		1713A3C11BEC9274005F3B6E /* Release */ = {
			isa = XCBuildConfiguration;
			buildSettings = {
				INFOPLIST_FILE = luWeatherUITests/Info.plist;
				LD_RUNPATH_SEARCH_PATHS = "$(inherited) @executable_path/Frameworks @loader_path/Frameworks";
				PRODUCT_BUNDLE_IDENTIFIER = com.hfut.lingdong.edu.luWeatherUITests;
				PRODUCT_NAME = "$(TARGET_NAME)";
				TEST_TARGET_NAME = luWeather;
				USES_XCTRUNNER = YES;
			};
			name = Release;
		};
/* End XCBuildConfiguration section */

/* Begin XCConfigurationList section */
		1713A38C1BEC9274005F3B6E /* Build configuration list for PBXProject "luWeather" */ = {
			isa = XCConfigurationList;
			buildConfigurations = (
				1713A3B71BEC9274005F3B6E /* Debug */,
				1713A3B81BEC9274005F3B6E /* Release */,
			);
			defaultConfigurationIsVisible = 0;
			defaultConfigurationName = Release;
		};
		1713A3B91BEC9274005F3B6E /* Build configuration list for PBXNativeTarget "luWeather" */ = {
			isa = XCConfigurationList;
			buildConfigurations = (
				1713A3BA1BEC9274005F3B6E /* Debug */,
				1713A3BB1BEC9274005F3B6E /* Release */,
			);
			defaultConfigurationIsVisible = 0;
			defaultConfigurationName = Release;
		};
		1713A3BC1BEC9274005F3B6E /* Build configuration list for PBXNativeTarget "luWeatherTests" */ = {
			isa = XCConfigurationList;
			buildConfigurations = (
				1713A3BD1BEC9274005F3B6E /* Debug */,
				1713A3BE1BEC9274005F3B6E /* Release */,
			);
			defaultConfigurationIsVisible = 0;
			defaultConfigurationName = Release;
		};
		1713A3BF1BEC9274005F3B6E /* Build configuration list for PBXNativeTarget "luWeatherUITests" */ = {
			isa = XCConfigurationList;
			buildConfigurations = (
				1713A3C01BEC9274005F3B6E /* Debug */,
				1713A3C11BEC9274005F3B6E /* Release */,
			);
			defaultConfigurationIsVisible = 0;
			defaultConfigurationName = Release;
		};
/* End XCConfigurationList section */
	};
	rootObject = 1713A3891BEC9274005F3B6E /* Project object */;
}
